
Microsoft Visual Studio Solution File, Format Version 12.00
# Visual Studio Version 16
VisualStudioVersion = 16.0.30104.148
MinimumVisualStudioVersion = 10.0.40219.1
Project("{FAE04EC0-301F-11D3-BF4B-00C04F79EFBC}") = "DigitalBank", "DigitalBank.csproj", "{6F916DAE-36F9-4EBF-AD0C-EEB9F998091C}"
EndProject
Global
	GlobalSection(SolutionConfigurationPlatforms) = preSolution
		Debug|Any CPU = Debug|Any CPU
		Release|Any CPU = Release|Any CPU
	EndGlobalSection
	GlobalSection(ProjectConfigurationPlatforms) = postSolution
		{6F916DAE-36F9-4EBF-AD0C-EEB9F998091C}.Debug|Any CPU.ActiveCfg = Debug|Any CPU
		{6F916DAE-36F9-4EBF-AD0C-EEB9F998091C}.Debug|Any CPU.Build.0 = Debug|Any CPU
		{6F916DAE-36F9-4EBF-AD0C-EEB9F998091C}.Release|Any CPU.ActiveCfg = Release|Any CPU
		{6F916DAE-36F9-4EBF-AD0C-EEB9F998091C}.Release|Any CPU.Build.0 = Release|Any CPU
	EndGlobalSection
	GlobalSection(SolutionProperties) = preSolution
		HideSolutionNode = FALSE
	EndGlobalSection
	GlobalSection(ExtensibilityGlobals) = postSolution
		SolutionGuid = {7D2F31C8-3734-4F44-88F0-D474DEF52029}
	EndGlobalSection
EndGlobal
